cookbook 'rails', :git => 'git://github.com/ace-cookbooks/opsworks-cookbooks.git', :ref => 'patches'
cookbook 'deploy', :git => 'git://github.com/ace-cookbooks/opsworks-cookbooks.git', :ref => 'patches'
cookbook 'nginx', :git => 'git://github.com/ace-cookbooks/opsworks-cookbooks.git', :ref => 'patches'
cookbook 'apache2', :git => 'git://github.com/ace-cookbooks/opsworks-cookbooks.git', :ref => 'patches'
cookbook 'scm_helper', :git => 'git://github.com/ace-cookbooks/opsworks-cookbooks.git', :ref => 'patches'
cookbook 'dependencies', :git => 'git://github.com/ace-cookbooks/opsworks-cookbooks.git', :ref => 'patches'
cookbook 'mod_php5_apache2', :git => 'git://github.com/ace-cookbooks/opsworks-cookbooks.git', :ref => 'patches'
cookbook 'packages', :git => 'git://github.com/ace-cookbooks/opsworks-cookbooks.git', :ref => 'patches'
cookbook 'gem_support', :git => 'git://github.com/ace-cookbooks/opsworks-cookbooks.git', :ref => 'patches'
cookbook 'ruby_enterprise', :git => 'git://github.com/ace-cookbooks/opsworks-cookbooks.git', :ref => 'patches'
cookbook 'build-essential', :git => 'git://github.com/ace-cookbooks/opsworks-cookbooks.git', :ref => 'patches'
cookbook 'ruby', :git => 'git://github.com/ace-cookbooks/opsworks-cookbooks.git', :ref => 'ruby'
cookbook 'opsworks_rubygems', :git => 'git://github.com/ace-cookbooks/opsworks-cookbooks.git', :ref => 'opsworks-rubygems'
cookbook 'opsworks_bundler', :git => 'git://github.com/ace-cookbooks/opsworks-cookbooks.git', :ref => 'opsworks-bundler'