{
  "sources": {
    "opsworks_fixes": {
      "locked_version": "0.1.0",
      "git": "git://github.com/ace-cookbooks/opsworks_fixes.git",
      "ref": "6f9c565f52447070f95fbc762bd1637934856074"
    },
    "java": {
      "locked_version": "1.12.1",
      "git": "git://github.com/ace-cookbooks/java.git",
      "ref": "fa5320b32e78a875410d5754711a95cfd76b22a5"
    },
    "monit": {
      "locked_version": "0.7.1"
    },
    "elasticsearch": {
      "locked_version": "0.3.3",
      "git": "git://github.com/ace-cookbooks/cookbook-elasticsearch.git",
      "ref": "1aba08d6e834ad703f7e4459125a47dca22c5616"
    },
    "nginx": {
      "locked_version": "1.7.0"
    },
    "build-essential": {
      "locked_version": "1.4.0"
    },
    "yum": {
      "locked_version": "2.3.0"
    },
    "apt": {
      "locked_version": "2.0.0"
    },
    "runit": {
      "locked_version": "1.1.6"
    },
    "ohai": {
      "locked_version": "1.1.10"
    },
    "windows": {
      "locked_version": "1.8.10"
    },
    "chef_handler": {
      "locked_version": "1.1.4"
    },
    "xml": {
      "locked_version": "1.1.2"
    },
    "ark": {
      "locked_version": "0.3.0"
    }
  }
}
